
Microsoft Visual Studio Solution File, Format Version 12.00
# Visual Studio 15
VisualStudioVersion = 15.0.27703.2035
MinimumVisualStudioVersion = 10.0.40219.1
Project("{FAE04EC0-301F-11D3-BF4B-00C04F79EFBC}") = "ArmyBuilder", "ArmyBuilder\ArmyBuilder.csproj", "{13E7D7B4-2416-40EE-8A6B-557D04A91146}"
EndProject
Project("{FAE04EC0-301F-11D3-BF4B-00C04F79EFBC}") = "ArmyBuilder.Tests", "ArmyBuilder.Tests\ArmyBuilder.Tests.csproj", "{57A7C84F-BEDE-42F7-A4BA-C96CF91FB5A5}"
EndProject
Global
	GlobalSection(SolutionConfigurationPlatforms) = preSolution
		Debug|Any CPU = Debug|Any CPU
		Release|Any CPU = Release|Any CPU
	EndGlobalSection
	GlobalSection(ProjectConfigurationPlatforms) = postSolution
		{13E7D7B4-2416-40EE-8A6B-557D04A91146}.Debug|Any CPU.ActiveCfg = Debug|Any CPU
		{13E7D7B4-2416-40EE-8A6B-557D04A91146}.Debug|Any CPU.Build.0 = Debug|Any CPU
		{13E7D7B4-2416-40EE-8A6B-557D04A91146}.Release|Any CPU.ActiveCfg = Release|Any CPU
		{13E7D7B4-2416-40EE-8A6B-557D04A91146}.Release|Any CPU.Build.0 = Release|Any CPU
		{57A7C84F-BEDE-42F7-A4BA-C96CF91FB5A5}.Debug|Any CPU.ActiveCfg = Debug|Any CPU
		{57A7C84F-BEDE-42F7-A4BA-C96CF91FB5A5}.Debug|Any CPU.Build.0 = Debug|Any CPU
		{57A7C84F-BEDE-42F7-A4BA-C96CF91FB5A5}.Release|Any CPU.ActiveCfg = Release|Any CPU
		{57A7C84F-BEDE-42F7-A4BA-C96CF91FB5A5}.Release|Any CPU.Build.0 = Release|Any CPU
	EndGlobalSection
	GlobalSection(SolutionProperties) = preSolution
		HideSolutionNode = FALSE
	EndGlobalSection
	GlobalSection(ExtensibilityGlobals) = postSolution
		SolutionGuid = {1FA2C7FE-7ECB-47C2-9B96-CA0ED2600DAD}
	EndGlobalSection
EndGlobal
